{
  "lockfile_version": "1",
  "packages": {
    "bash@latest": {
      "last_modified": "2023-12-14T07:33:05Z",
      "resolved": "github:NixOS/nixpkgs/aa9d4729cbc99dabacb50e3994dcefb3ea0f7447#bash",
      "source": "devbox-search",
      "version": "5.2-p21",
      "systems": {
        "aarch64-darwin": {
          "store_path": "/nix/store/6nxav88iiz0g8m598xy643f8hhdz5kkx-bash-5.2-p21"
        },
        "aarch64-linux": {
          "store_path": "/nix/store/l34lhs5k16k8pydj2rjq70pqxz86kd3f-bash-5.2-p21"
        },
        "x86_64-darwin": {
          "store_path": "/nix/store/d2khhk4xpwpk9khvhp8n6r3k9si03ax1-bash-5.2-p21"
        },
        "x86_64-linux": {
          "store_path": "/nix/store/q8qq40xg2grfh9ry1d9x4g7lq4ra7n81-bash-5.2-p21"
        }
      }
    },
    "clusterctl@latest": {
      "last_modified": "2023-12-09T06:39:50Z",
      "resolved": "github:NixOS/nixpkgs/29558c0722ffd40ff625256e16259168b7c03ed1#clusterctl",
      "source": "devbox-search",
      "version": "1.6.0",
      "systems": {
        "aarch64-darwin": {
          "store_path": "/nix/store/xa4hhmr9nm2ak6js18cqf5ax2fvbm1j4-clusterctl-1.6.0"
        },
        "aarch64-linux": {
          "store_path": "/nix/store/d1vl4i172kfbakgrqvdi727s69jky80g-clusterctl-1.6.0"
        },
        "x86_64-darwin": {
          "store_path": "/nix/store/an9cj6ypc8xbc45w6n5cf41jc3karslq-clusterctl-1.6.0"
        },
        "x86_64-linux": {
          "store_path": "/nix/store/8qd5wksyccgmz93cbhqq0pfk0dc3jrlv-clusterctl-1.6.0"
        }
      }
    },
    "envsubst@latest": {
      "last_modified": "2023-11-17T14:14:56Z",
      "resolved": "github:NixOS/nixpkgs/a71323f68d4377d12c04a5410e214495ec598d4c#envsubst",
      "source": "devbox-search",
      "version": "1.4.2",
      "systems": {
        "aarch64-darwin": {
          "store_path": "/nix/store/25iwr3pxb67bbdnn26fq3ksnzcadzms1-envsubst-1.4.2"
        },
        "aarch64-linux": {
          "store_path": "/nix/store/gfqkx2rh423hmm5h3a9i8qpyad8b2ydk-envsubst-1.4.2"
        },
        "x86_64-darwin": {
          "store_path": "/nix/store/rw21qrjr656qjd0wdmx5r4169n3mhnri-envsubst-1.4.2"
        },
        "x86_64-linux": {
          "store_path": "/nix/store/ciab420xmh3djch58svin36fdynmdxsp-envsubst-1.4.2"
        }
      }
    },
    "ginkgo@latest": {
      "last_modified": "2023-12-10T01:36:17Z",
      "resolved": "github:NixOS/nixpkgs/2873a73123077953f3e6f34964466018876d87c4#ginkgo",
      "source": "devbox-search",
      "version": "2.13.2",
      "systems": {
        "aarch64-darwin": {
          "store_path": "/nix/store/awkbi0shmjqdynz1pk47jjpwszvgplmd-ginkgo-2.13.2"
        },
        "aarch64-linux": {
          "store_path": "/nix/store/cmpknds8513jr8s6bwx3bf2gq2xi3nbh-ginkgo-2.13.2"
        },
        "x86_64-darwin": {
          "store_path": "/nix/store/8zhgqqgqg8s1hidg4bywwb0nlqf62xpy-ginkgo-2.13.2"
        },
        "x86_64-linux": {
          "store_path": "/nix/store/hg0dw8sbvgd8fapkzsijwi39ima07ay2-ginkgo-2.13.2"
        }
      }
    },
    "gnumake@latest": {
      "last_modified": "2023-11-17T14:14:56Z",
      "resolved": "github:NixOS/nixpkgs/a71323f68d4377d12c04a5410e214495ec598d4c#gnumake",
      "source": "devbox-search",
      "version": "4.4.1",
      "systems": {
        "aarch64-darwin": {
          "store_path": "/nix/store/6kxdgmbgwdq4y42r9qhgdky312v5d7x0-gnumake-4.4.1"
        },
        "aarch64-linux": {
          "store_path": "/nix/store/rdwvi09v1vwzyfd1zv2sgnar8s7x8d8n-gnumake-4.4.1"
        },
        "x86_64-darwin": {
          "store_path": "/nix/store/x5dy4sqg1nxsl7nwibanfrbx95wdb228-gnumake-4.4.1"
        },
        "x86_64-linux": {
          "store_path": "/nix/store/5v3k090nl55rxz2gkn9y4wchna3vjjxw-gnumake-4.4.1"
        }
      }
    },
    "go@latest": {
      "last_modified": "2023-12-13T22:54:10Z",
      "resolved": "github:NixOS/nixpkgs/fd04bea4cbf76f86f244b9e2549fca066db8ddff#go",
      "source": "devbox-search",
      "version": "1.21.5",
      "systems": {
        "aarch64-darwin": {
          "store_path": "/nix/store/b0rpa34hn6cgbkbn8sfr5dzv723ia3z2-go-1.21.5"
        },
        "aarch64-linux": {
          "store_path": "/nix/store/5jamaixw6ni5c05qqml6ld3j386v871k-go-1.21.5"
        },
        "x86_64-darwin": {
          "store_path": "/nix/store/hyzs4fhjw7zmwra5scss7hapgw22rcm5-go-1.21.5"
        },
        "x86_64-linux": {
          "store_path": "/nix/store/6qd8p8gilzgplpk2ni3109m0k71r21s7-go-1.21.5"
        }
      }
    },
    "gojq@latest": {
      "last_modified": "2023-12-03T07:45:23Z",
      "resolved": "github:NixOS/nixpkgs/ec04772e7516b6d58d98b491e68b329b7558b14d#gojq",
      "source": "devbox-search",
      "version": "0.12.14",
      "systems": {
        "aarch64-darwin": {
          "store_path": "/nix/store/1jfjdjbbgm1f6pg74kq5421qz301pkcx-gojq-0.12.14"
        },
        "aarch64-linux": {
          "store_path": "/nix/store/7c0xnfkjmpzc3r38zbh22zcm0rw404n5-gojq-0.12.14"
        },
        "x86_64-darwin": {
          "store_path": "/nix/store/ymbbxg162p42sj59rvz7spkqk7pg05dj-gojq-0.12.14"
        },
        "x86_64-linux": {
          "store_path": "/nix/store/gi0crp32w0gqyc8zd0xqdif6f04yy9jr-gojq-0.12.14"
        }
      }
    },
    "goreleaser@latest": {
      "last_modified": "2023-11-17T14:14:56Z",
      "resolved": "github:NixOS/nixpkgs/a71323f68d4377d12c04a5410e214495ec598d4c#goreleaser",
      "source": "devbox-search",
      "version": "1.22.1",
      "systems": {
        "aarch64-darwin": {
          "store_path": "/nix/store/z6kyp206dx7m592fnzlqy5ibcn9qkb9j-goreleaser-1.22.1"
        },
        "aarch64-linux": {
          "store_path": "/nix/store/vl7f3w9cm6ib9b3iz7bjd6s825rrxkmf-goreleaser-1.22.1"
        },
        "x86_64-darwin": {
          "store_path": "/nix/store/bggx5xqyla8zpss4sv71p350ajd70f89-goreleaser-1.22.1"
        },
        "x86_64-linux": {
          "store_path": "/nix/store/cgzhkcv3wvcd2zlblv4y0vhjvw479467-goreleaser-1.22.1"
        }
      }
    },
    "gotestsum@latest": {
      "last_modified": "2023-11-17T14:14:56Z",
      "resolved": "github:NixOS/nixpkgs/a71323f68d4377d12c04a5410e214495ec598d4c#gotestsum",
      "source": "devbox-search",
      "version": "1.10.1",
      "systems": {
        "aarch64-darwin": {
          "store_path": "/nix/store/5skpsrl0cdr2s6yaqfymx575qw3n19nr-gotestsum-1.10.1"
        },
        "aarch64-linux": {
          "store_path": "/nix/store/9xgdrdv18x2hnismc65kz5vcgbv3850a-gotestsum-1.10.1"
        },
        "x86_64-darwin": {
          "store_path": "/nix/store/g7pf4yxmf0wvxw7bwaxsfyd2pjwry6ib-gotestsum-1.10.1"
        },
        "x86_64-linux": {
          "store_path": "/nix/store/bjrv592a532c4nh40angvr3x4h574ff4-gotestsum-1.10.1"
        }
      }
    },
    "kind@latest": {
      "last_modified": "2023-11-17T14:14:56Z",
      "resolved": "github:NixOS/nixpkgs/a71323f68d4377d12c04a5410e214495ec598d4c#kind",
      "source": "devbox-search",
      "version": "0.20.0",
      "systems": {
        "aarch64-darwin": {
          "store_path": "/nix/store/h63plvmjv7cb3i5ggqba1b2ac06sdvi5-kind-0.20.0"
        },
        "aarch64-linux": {
          "store_path": "/nix/store/dwqcnipd3rj0kspwjvxdcm32sfi5pmdx-kind-0.20.0"
        },
        "x86_64-darwin": {
          "store_path": "/nix/store/ip9nkl00d91jmqik7cmcbra8px7lvwyj-kind-0.20.0"
        },
        "x86_64-linux": {
          "store_path": "/nix/store/5g25hx32zh9fkvc7sznhlv5v9yzsgba3-kind-0.20.0"
        }
      }
    },
    "ko@latest": {
      "last_modified": "2023-11-17T14:14:56Z",
      "resolved": "github:NixOS/nixpkgs/a71323f68d4377d12c04a5410e214495ec598d4c#ko",
      "source": "devbox-search",
      "version": "0.15.1",
      "systems": {
        "aarch64-darwin": {
          "store_path": "/nix/store/pr9sz4nm2zg2ad7hzsqzvfrxyq7v5ja3-ko-0.15.1"
        },
        "aarch64-linux": {
          "store_path": "/nix/store/9ayvpa41fhbp9wg3yhhcn8g1s4y88j1c-ko-0.15.1"
        },
        "x86_64-darwin": {
          "store_path": "/nix/store/493pm2v8vpnc0yfzkxwd31if2dhlrww8-ko-0.15.1"
        },
        "x86_64-linux": {
          "store_path": "/nix/store/v1wxaqfdgigc43578p43c7nnnbafaac9-ko-0.15.1"
        }
      }
    },
    "kubernetes-code-generator@latest": {
      "last_modified": "2023-11-17T14:14:56Z",
      "resolved": "github:NixOS/nixpkgs/a71323f68d4377d12c04a5410e214495ec598d4c#kubernetes-code-generator",
      "source": "devbox-search",
      "version": "0.25.4",
      "systems": {
        "aarch64-darwin": {
          "store_path": "/nix/store/5khnpni00f42mr7k4bvss55fllppbaq7-code-generator-0.25.4"
        },
        "aarch64-linux": {
          "store_path": "/nix/store/3i1jr94krr0n3ki7mlic64y9gcp81rw2-code-generator-0.25.4"
        },
        "x86_64-darwin": {
          "store_path": "/nix/store/v5i44y6p27hscd6ib6wrdr9sbb098yhp-code-generator-0.25.4"
        },
        "x86_64-linux": {
          "store_path": "/nix/store/g0vch08q4m6pphcszghaw7ax520kida6-code-generator-0.25.4"
        }
      }
    },
    "kubernetes-controller-tools@latest": {
      "last_modified": "2023-11-17T14:14:56Z",
      "resolved": "github:NixOS/nixpkgs/a71323f68d4377d12c04a5410e214495ec598d4c#kubernetes-controller-tools",
      "source": "devbox-search",
      "version": "0.13.0",
      "systems": {
        "aarch64-darwin": {
          "store_path": "/nix/store/l0r5qv5y6w9sig8ijq1d9bic0n061xva-controller-tools-0.13.0"
        },
        "aarch64-linux": {
          "store_path": "/nix/store/n8yzvf7zby0zxh5lnaf253q8cxqpz5v2-controller-tools-0.13.0"
        },
        "x86_64-darwin": {
          "store_path": "/nix/store/nn420ic4qxnxlw7c6a57638db5s402gz-controller-tools-0.13.0"
        },
        "x86_64-linux": {
          "store_path": "/nix/store/wv1wjirfx5yp0xwr6fnhczsnp1wv9ypj-controller-tools-0.13.0"
        }
      }
    },
    "kustomize@latest": {
      "last_modified": "2023-11-17T14:14:56Z",
      "resolved": "github:NixOS/nixpkgs/a71323f68d4377d12c04a5410e214495ec598d4c#kustomize",
      "source": "devbox-search",
      "version": "5.2.1",
      "systems": {
        "aarch64-darwin": {
          "store_path": "/nix/store/16klhmp6r7ql652r5dn9iipi04mx15fh-kustomize-5.2.1"
        },
        "aarch64-linux": {
          "store_path": "/nix/store/bfr5cyz99pzm721v00phfkxadfv79zsh-kustomize-5.2.1"
        },
        "x86_64-darwin": {
          "store_path": "/nix/store/4zszzy2cphdrqnhv6x2jznpcrdpya76f-kustomize-5.2.1"
        },
        "x86_64-linux": {
          "store_path": "/nix/store/0pjqqvkk13q1gwyfjhydfrnh0y5q97ak-kustomize-5.2.1"
        }
      }
    }
  }
}
